PODS:
  - Kingfisher (3.10.4)
  - Realm (2.6.2):
    - Realm/Headers (= 2.6.2)
  - Realm/Headers (2.6.2)
  - RealmSwift (2.6.2):
    - Realm (= 2.6.2)
  - SnapKit (3.2.0)
  - TOCropViewController (2.0.12)
  - YLImagePickerController (0.0.8):
    - TOCropViewController (~> 2.0.12)
  - YLPhotoBrowser-Swift (0.2.2):
    - Kingfisher (~> 3.10.0)
  - YYText (1.0.7)

DEPENDENCIES:
  - RealmSwift (~> 2.6.2)
  - SnapKit (~> 3.2.0)
  - YLImagePickerController
  - YLPhotoBrowser-Swift
  - YYText (~> 1.0.7)

SPEC CHECKSUMS:
  Kingfisher: dc3a4983e86d2dfa89513664983a82340c11a289
  Realm: 29222766425b9f831228f81b63f0e38a97a4d700
  RealmSwift: d161a80f96cb91ae88391a7d5a9cf08024a7bc8e
  SnapKit: 1ca44df72cfa543218d177cb8aab029d10d86ea7
  TOCropViewController: e6e31b38d785a901e5651a1e7fff71bcda6c5214
  YLImagePickerController: 911217f66d176581e1d14c045871159a2a48462d
  YLPhotoBrowser-Swift: 2414f5f10381f81fb5d18303678bb29157967ebf
  YYText: 5c461d709e24d55a182d1441c41dc639a18a4849

PODFILE CHECKSUM: 06f21f2c9a684a2f7d96b5d4d28fb33c3b029e64

COCOAPODS: 1.2.1
