PODS:
  - Kingfisher (3.11.0)
  - Realm (2.6.2):
    - Realm/Headers (= 2.6.2)
  - Realm/Headers (2.6.2)
  - RealmSwift (2.6.2):
    - Realm (= 2.6.2)
  - SnapKit (3.2.0)
  - TZImagePickerController (1.7.9)
  - YLPhotoBrowser-Swift (0.2.0):
    - Kingfisher
  - YYText (1.0.7)

DEPENDENCIES:
  - RealmSwift (~> 2.6.2)
  - SnapKit (~> 3.2.0)
  - TZImagePickerController (~> 1.7.9)
  - YLPhotoBrowser-Swift
  - YYText (~> 1.0.7)

SPEC CHECKSUMS:
  Kingfisher: c8911a7672c6217dec8c0520fb6e76ec4b7e0780
  Realm: 29222766425b9f831228f81b63f0e38a97a4d700
  RealmSwift: d161a80f96cb91ae88391a7d5a9cf08024a7bc8e
  SnapKit: 1ca44df72cfa543218d177cb8aab029d10d86ea7
  TZImagePickerController: 0a8ff228d287ebdd7d485e8c42a2a932894f1fba
  YLPhotoBrowser-Swift: 61810e07e9949ec2a9f9fdf30cedc049cd91fbe8
  YYText: 5c461d709e24d55a182d1441c41dc639a18a4849

PODFILE CHECKSUM: a79fe4bf45d85c918737dd4217d6b0b3f76efa13

COCOAPODS: 1.2.1
